
Microsoft Visual Studio Solution File, Format Version 12.00
# Visual Studio 15
VisualStudioVersion = 15.0.27703.2035
MinimumVisualStudioVersion = 10.0.40219.1
Project("{FAE04EC0-301F-11D3-BF4B-00C04F79EFBC}") = "ESCPOS.NET", "ESCPOS.NET\ESCPOS.NET.csproj", "{C079FBC0-30BF-4258-8054-166EC356F20A}"
EndProject
Global
	GlobalSection(SolutionConfigurationPlatforms) = preSolution
		Debug|Any CPU = Debug|Any CPU
		Release|Any CPU = Release|Any CPU
	EndGlobalSection
	GlobalSection(ProjectConfigurationPlatforms) = postSolution
		{C079FBC0-30BF-4258-8054-166EC356F20A}.Debug|Any CPU.ActiveCfg = Debug|Any CPU
		{C079FBC0-30BF-4258-8054-166EC356F20A}.Debug|Any CPU.Build.0 = Debug|Any CPU
		{C079FBC0-30BF-4258-8054-166EC356F20A}.Release|Any CPU.ActiveCfg = Release|Any CPU
		{C079FBC0-30BF-4258-8054-166EC356F20A}.Release|Any CPU.Build.0 = Release|Any CPU
	EndGlobalSection
	GlobalSection(SolutionProperties) = preSolution
		HideSolutionNode = FALSE
	EndGlobalSection
	GlobalSection(ExtensibilityGlobals) = postSolution
		SolutionGuid = {5B5B330F-EE0B-48E8-B4B9-1FACF331D92E}
	EndGlobalSection
EndGlobal
